
Microsoft Visual Studio Solution File, Format Version 12.00
# Visual Studio Version 17
VisualStudioVersion = 17.8.34330.188
MinimumVisualStudioVersion = 10.0.40219.1
Project("{FAE04EC0-301F-11D3-BF4B-00C04F79EFBC}") = "baba_is_you", "baba_is_you\baba_is_you.csproj", "{360AE912-3D7B-4492-9842-E8B790A91C05}"
EndProject
Global
	GlobalSection(SolutionConfigurationPlatforms) = preSolution
		Debug|Any CPU = Debug|Any CPU
		Release|Any CPU = Release|Any CPU
	EndGlobalSection
	GlobalSection(ProjectConfigurationPlatforms) = postSolution
		{360AE912-3D7B-4492-9842-E8B790A91C05}.Debug|Any CPU.ActiveCfg = Debug|Any CPU
		{360AE912-3D7B-4492-9842-E8B790A91C05}.Debug|Any CPU.Build.0 = Debug|Any CPU
		{360AE912-3D7B-4492-9842-E8B790A91C05}.Release|Any CPU.ActiveCfg = Release|Any CPU
		{360AE912-3D7B-4492-9842-E8B790A91C05}.Release|Any CPU.Build.0 = Release|Any CPU
	EndGlobalSection
	GlobalSection(SolutionProperties) = preSolution
		HideSolutionNode = FALSE
	EndGlobalSection
	GlobalSection(ExtensibilityGlobals) = postSolution
		SolutionGuid = {FAADE4C7-D2A4-436D-833A-ADD33D983F31}
	EndGlobalSection
EndGlobal
